<?xml version="1.0" encoding="utf-8"?>
<Project ToolsVersion="4.0" xmlns="http://schemas.microsoft.com/developer/msbuild/2003">
  <ItemGroup>
    <Filter Include="Source Files">
      <UniqueIdentifier>{4FC737F1-C7A5-4376-A066-2A32D752A2FF}</UniqueIdentifier>
      <Extensions>cpp;c;cc;cxx;def;odl;idl;hpj;bat;asm;asmx</Extensions>
    </Filter>
    <Filter Include="Header Files">
      <UniqueIdentifier>{93995380-89BD-4b04-88EB-625FBE52EBFB}</UniqueIdentifier>
      <Extensions>h;hpp;hxx;hm;inl;inc;xsd</Extensions>
    </Filter>
    <Filter Include="Resource Files">
      <UniqueIdentifier>{67DA6AB6-F800-4c08-8B7A-83BB121AAD01}</UniqueIdentifier>
      <Extensions>rc;ico;cur;bmp;dlg;rc2;rct;bin;rgs;gif;jpg;jpeg;jpe;resx;tiff;tif;png;wav;mfcribbon-ms</Extensions>
    </Filter>
    <Filter Include="Source Files\Graphics">
      <UniqueIdentifier>{bde6c6b9-4147-4573-90df-6349e7499267}</UniqueIdentifier>
    </Filter>
    <Filter Include="Header Files\Graphics">
      <UniqueIdentifier>{0cd56014-6a38-4cc8-bee1-24999140460e}</UniqueIdentifier>
    </Filter>
    <Filter Include="Source Files\Util">
      <UniqueIdentifier>{345c4dc8-382a-4886-bb0f-e072080d5db2}</UniqueIdentifier>
    </Filter>
    <Filter Include="Header Files\Util">
      <UniqueIdentifier>{0936cfb5-7233-4e22-a716-48f0738d3257}</UniqueIdentifier>
    </Filter>
    <Filter Include="Header Files\World">
      <UniqueIdentifier>{174159f9-f0fe-4407-b0e5-d7aa6b92e047}</UniqueIdentifier>
    </Filter>
    <Filter Include="Source Files\World">
      <UniqueIdentifier>{664c0d75-b352-4f7f-946c-c59a0c1a9258}</UniqueIdentifier>
    </Filter>
    <Filter Include="Header Files\System">
      <UniqueIdentifier>{6b3b51e2-3805-4926-8f7a-269d24feb022}</UniqueIdentifier>
    </Filter>
    <Filter Include="Source Files\System">
      <UniqueIdentifier>{6a0a6fde-c894-45a7-a897-232953295574}</UniqueIdentifier>
    </Filter>
    <Filter Include="Source Files\Graphics\Text">
      <UniqueIdentifier>{5219e51e-160e-4077-a1c6-aeda07f1dfaf}</UniqueIdentifier>
    </Filter>
    <Filter Include="Header Files\Graphics\Text">
      <UniqueIdentifier>{d4b7de46-f23f-48a2-808a-9f3be65768ac}</UniqueIdentifier>
    </Filter>
    <Filter Include="Source Files\Graphics\Animation">
      <UniqueIdentifier>{2abd4482-aaac-45e7-b590-a3d1c5809e61}</UniqueIdentifier>
    </Filter>
    <Filter Include="Header Files\Graphics\Animation">
      <UniqueIdentifier>{85f2722e-d8a7-426c-adf6-8a1f90634153}</UniqueIdentifier>
    </Filter>
    <Filter Include="Header Files\Util\Debug">
      <UniqueIdentifier>{490efb45-beaa-45fb-8c40-1a3794eae4ee}</UniqueIdentifier>
    </Filter>
    <Filter Include="Source Files\Util\Debug">
      <UniqueIdentifier>{f093f9ae-a667-441e-ac09-8c18cdcca36c}</UniqueIdentifier>
    </Filter>
    <Filter Include="Header Files\System\Menu">
      <UniqueIdentifier>{27e5baa2-344d-4cfe-94d3-426915041767}</UniqueIdentifier>
    </Filter>
    <Filter Include="Source Files\System\Menu">
      <UniqueIdentifier>{88f4c474-aafd-4247-801d-5f447cf64433}</UniqueIdentifier>
    </Filter>
  </ItemGroup>
  <ItemGroup>
    <ClCompile Include="src\main.cpp">
      <Filter>Source Files</Filter>
    </ClCompile>
    <ClCompile Include="src\Randomizer.cpp">
      <Filter>Source Files\Util</Filter>
    </ClCompile>
    <ClCompile Include="src\Sprite.cpp">
      <Filter>Source Files\Graphics</Filter>
    </ClCompile>
    <ClCompile Include="src\Map.cpp">
      <Filter>Source Files\World</Filter>
    </ClCompile>
    <ClCompile Include="src\GameText.cpp">
      <Filter>Source Files\Graphics\Text</Filter>
    </ClCompile>
    <ClCompile Include="src\Player.cpp">
      <Filter>Source Files\System</Filter>
    </ClCompile>
    <ClCompile Include="src\RichText.cpp">
      <Filter>Source Files\Graphics\Text</Filter>
    </ClCompile>
    <ClCompile Include="src\SpriteAnimation.cpp">
      <Filter>Source Files\Graphics\Animation</Filter>
    </ClCompile>
    <ClCompile Include="src\Sound.cpp">
      <Filter>Source Files\System</Filter>
    </ClCompile>
    <ClCompile Include="src\DebugConsole.cpp">
      <Filter>Source Files\Util\Debug</Filter>
    </ClCompile>
    <ClCompile Include="src\ContactListener.cpp">
      <Filter>Source Files\System</Filter>
    </ClCompile>
    <ClCompile Include="src\Particle.cpp">
      <Filter>Source Files\Graphics</Filter>
    </ClCompile>
    <ClCompile Include="src\Misc.cpp">
      <Filter>Source Files\Util</Filter>
    </ClCompile>
    <ClCompile Include="src\Gui.cpp">
      <Filter>Source Files\Util</Filter>
    </ClCompile>
    <ClCompile Include="src\MapObject.cpp">
      <Filter>Source Files\World</Filter>
    </ClCompile>
    <ClCompile Include="src\BackgroundObject.cpp">
      <Filter>Source Files\World</Filter>
    </ClCompile>
    <ClCompile Include="src\Mainmenu.cpp">
      <Filter>Source Files\System\Menu</Filter>
    </ClCompile>
    <ClCompile Include="src\Pausemenu.cpp">
      <Filter>Source Files\System\Menu</Filter>
    </ClCompile>
    <ClCompile Include="src\Game.cpp">
      <Filter>Source Files\System</Filter>
    </ClCompile>
    <ClCompile Include="src\WorldManager.cpp">
      <Filter>Source Files\System</Filter>
    </ClCompile>
    <ClCompile Include="src\LoadSettings.cpp">
      <Filter>Source Files\System</Filter>
    </ClCompile>
    <ClCompile Include="src\EngineSettings.cpp">
      <Filter>Source Files\System</Filter>
    </ClCompile>
    <ClCompile Include="src\GameButton.cpp">
      <Filter>Source Files\Util</Filter>
    </ClCompile>
    <ClCompile Include="src\ForegroundObject.cpp">
      <Filter>Source Files\World</Filter>
    </ClCompile>
    <ClCompile Include="src\Trigger.cpp">
      <Filter>Source Files\World</Filter>
    </ClCompile>
    <ClCompile Include="src\DebugObject.cpp">
      <Filter>Source Files\Util\Debug</Filter>
    </ClCompile>
  </ItemGroup>
  <ItemGroup>
    <ClInclude Include="src\Randomizer.h">
      <Filter>Header Files\Util</Filter>
    </ClInclude>
    <ClInclude Include="src\Sprite.h">
      <Filter>Header Files\Graphics</Filter>
    </ClInclude>
    <ClInclude Include="src\Globals.h">
      <Filter>Header Files</Filter>
    </ClInclude>
    <ClInclude Include="src\Map.h">
      <Filter>Header Files\World</Filter>
    </ClInclude>
    <ClInclude Include="src\GameText.h">
      <Filter>Header Files\Graphics\Text</Filter>
    </ClInclude>
    <ClInclude Include="src\Player.h">
      <Filter>Header Files\System</Filter>
    </ClInclude>
    <ClInclude Include="src\RichText.hpp">
      <Filter>Header Files\Graphics\Text</Filter>
    </ClInclude>
    <ClInclude Include="src\SpriteAnimation.h">
      <Filter>Header Files\Graphics\Animation</Filter>
    </ClInclude>
    <ClInclude Include="src\Sound.h">
      <Filter>Header Files\System</Filter>
    </ClInclude>
    <ClInclude Include="src\DebugConsole.h">
      <Filter>Header Files\Util\Debug</Filter>
    </ClInclude>
    <ClInclude Include="src\DebugObject.h">
      <Filter>Header Files\Util\Debug</Filter>
    </ClInclude>
    <ClInclude Include="src\ContactListener.h">
      <Filter>Header Files\System</Filter>
    </ClInclude>
    <ClInclude Include="src\Particle.h">
      <Filter>Header Files\Graphics</Filter>
    </ClInclude>
    <ClInclude Include="src\Misc.h">
      <Filter>Header Files\Util</Filter>
    </ClInclude>
    <ClInclude Include="src\Gui.h">
      <Filter>Header Files\Util</Filter>
    </ClInclude>
    <ClInclude Include="src\MapObject.h">
      <Filter>Header Files\World</Filter>
    </ClInclude>
    <ClInclude Include="src\BackgroundObject.h">
      <Filter>Header Files\World</Filter>
    </ClInclude>
    <ClInclude Include="src\Game.h">
      <Filter>Header Files\System</Filter>
    </ClInclude>
    <ClInclude Include="src\Mainmenu.h">
      <Filter>Header Files\System\Menu</Filter>
    </ClInclude>
    <ClInclude Include="src\Pausemenu.h">
      <Filter>Header Files\System\Menu</Filter>
    </ClInclude>
    <ClInclude Include="src\WorldManager.h">
      <Filter>Header Files\System</Filter>
    </ClInclude>
    <ClInclude Include="src\LoadSettings.h">
      <Filter>Header Files\System</Filter>
    </ClInclude>
    <ClInclude Include="src\EngineSettings.h">
      <Filter>Header Files\System</Filter>
    </ClInclude>
    <ClInclude Include="src\GameButton.h">
      <Filter>Header Files\Util</Filter>
    </ClInclude>
    <ClInclude Include="src\dirent.h">
      <Filter>Header Files\Util</Filter>
    </ClInclude>
    <ClInclude Include="src\ForegroundObject.h">
      <Filter>Header Files\World</Filter>
    </ClInclude>
    <ClInclude Include="src\Trigger.h">
      <Filter>Header Files\World</Filter>
    </ClInclude>
  </ItemGroup>
  <ItemGroup>
    <ResourceCompile Include="resource.rc">
      <Filter>Resource Files</Filter>
    </ResourceCompile>
  </ItemGroup>
</Project>